
Microsoft Visual Studio Solution File, Format Version 12.00
# Visual Studio Version 17
VisualStudioVersion = 17.7.34202.233
MinimumVisualStudioVersion = 10.0.40219.1
Project("{FAE04EC0-301F-11D3-BF4B-00C04F79EFBC}") = "DataAccess", "DataAccess\DataAccess.csproj", "{F64EF55C-02B2-4AB3-A2E4-8CA090CF5F74}"
EndProject
Project("{FAE04EC0-301F-11D3-BF4B-00C04F79EFBC}") = "Business", "Business\Business.csproj", "{87A08488-6E98-4DEB-AB57-E48A47FED227}"
EndProject
Project("{FAE04EC0-301F-11D3-BF4B-00C04F79EFBC}") = "Entities", "Entities\Entities.csproj", "{1D5747A1-7E3E-4A05-9FE6-0F87E9FADFC0}"
EndProject
Project("{FAE04EC0-301F-11D3-BF4B-00C04F79EFBC}") = "ConsoleUI", "ConsoleUI\ConsoleUI.csproj", "{EB38AC57-BFAC-4104-A541-EAACF6CF0DC2}"
EndProject
Global
	GlobalSection(SolutionConfigurationPlatforms) = preSolution
		Debug|Any CPU = Debug|Any CPU
		Release|Any CPU = Release|Any CPU
	EndGlobalSection
	GlobalSection(ProjectConfigurationPlatforms) = postSolution
		{F64EF55C-02B2-4AB3-A2E4-8CA090CF5F74}.Debug|Any CPU.ActiveCfg = Debug|Any CPU
		{F64EF55C-02B2-4AB3-A2E4-8CA090CF5F74}.Debug|Any CPU.Build.0 = Debug|Any CPU
		{F64EF55C-02B2-4AB3-A2E4-8CA090CF5F74}.Release|Any CPU.ActiveCfg = Release|Any CPU
		{F64EF55C-02B2-4AB3-A2E4-8CA090CF5F74}.Release|Any CPU.Build.0 = Release|Any CPU
		{87A08488-6E98-4DEB-AB57-E48A47FED227}.Debug|Any CPU.ActiveCfg = Debug|Any CPU
		{87A08488-6E98-4DEB-AB57-E48A47FED227}.Debug|Any CPU.Build.0 = Debug|Any CPU
		{87A08488-6E98-4DEB-AB57-E48A47FED227}.Release|Any CPU.ActiveCfg = Release|Any CPU
		{87A08488-6E98-4DEB-AB57-E48A47FED227}.Release|Any CPU.Build.0 = Release|Any CPU
		{1D5747A1-7E3E-4A05-9FE6-0F87E9FADFC0}.Debug|Any CPU.ActiveCfg = Debug|Any CPU
		{1D5747A1-7E3E-4A05-9FE6-0F87E9FADFC0}.Debug|Any CPU.Build.0 = Debug|Any CPU
		{1D5747A1-7E3E-4A05-9FE6-0F87E9FADFC0}.Release|Any CPU.ActiveCfg = Release|Any CPU
		{1D5747A1-7E3E-4A05-9FE6-0F87E9FADFC0}.Release|Any CPU.Build.0 = Release|Any CPU
		{EB38AC57-BFAC-4104-A541-EAACF6CF0DC2}.Debug|Any CPU.ActiveCfg = Debug|Any CPU
		{EB38AC57-BFAC-4104-A541-EAACF6CF0DC2}.Debug|Any CPU.Build.0 = Debug|Any CPU
		{EB38AC57-BFAC-4104-A541-EAACF6CF0DC2}.Release|Any CPU.ActiveCfg = Release|Any CPU
		{EB38AC57-BFAC-4104-A541-EAACF6CF0DC2}.Release|Any CPU.Build.0 = Release|Any CPU
	EndGlobalSection
	GlobalSection(SolutionProperties) = preSolution
		HideSolutionNode = FALSE
	EndGlobalSection
	GlobalSection(ExtensibilityGlobals) = postSolution
		SolutionGuid = {44DEC3CC-7625-493D-9F35-11575852E732}
	EndGlobalSection
EndGlobal
